
Microsoft Visual Studio Solution File, Format Version 12.00
Project("{FAE04EC0-301F-11D3-BF4B-00C04F79EFBC}") = "FluentValidation.AutoValidation.Endpoints", "FluentValidation.AutoValidation.Endpoints\FluentValidation.AutoValidation.Endpoints.csproj", "{8743E1EF-94ED-4B9C-B117-3D6B533334D0}"
EndProject
Project("{FAE04EC0-301F-11D3-BF4B-00C04F79EFBC}") = "FluentValidation.AutoValidation.Mvc", "FluentValidation.AutoValidation.Mvc\FluentValidation.AutoValidation.Mvc.csproj", "{84A6D838-49F2-4245-BAA4-E4B7B69D3D0D}"
EndProject
Project("{FAE04EC0-301F-11D3-BF4B-00C04F79EFBC}") = "FluentValidation.AutoValidation.Shared", "FluentValidation.AutoValidation.Shared\FluentValidation.AutoValidation.Shared.csproj", "{EFB3047F-34BD-4A84-86B9-52F96E2D240D}"
EndProject
Project("{FAE04EC0-301F-11D3-BF4B-00C04F79EFBC}") = "FluentValidation.AutoValidation.Tests", "Tests\FluentValidation.AutoValidation.Tests.csproj", "{8E3ACDDB-5344-4B1A-830C-119B1306596C}"
EndProject
Global
	GlobalSection(SolutionConfigurationPlatforms) = preSolution
		Debug|Any CPU = Debug|Any CPU
		Release|Any CPU = Release|Any CPU
	EndGlobalSection
	GlobalSection(ProjectConfigurationPlatforms) = postSolution
		{8743E1EF-94ED-4B9C-B117-3D6B533334D0}.Debug|Any CPU.ActiveCfg = Debug|Any CPU
		{8743E1EF-94ED-4B9C-B117-3D6B533334D0}.Debug|Any CPU.Build.0 = Debug|Any CPU
		{8743E1EF-94ED-4B9C-B117-3D6B533334D0}.Release|Any CPU.ActiveCfg = Release|Any CPU
		{8743E1EF-94ED-4B9C-B117-3D6B533334D0}.Release|Any CPU.Build.0 = Release|Any CPU
		{84A6D838-49F2-4245-BAA4-E4B7B69D3D0D}.Debug|Any CPU.ActiveCfg = Debug|Any CPU
		{84A6D838-49F2-4245-BAA4-E4B7B69D3D0D}.Debug|Any CPU.Build.0 = Debug|Any CPU
		{84A6D838-49F2-4245-BAA4-E4B7B69D3D0D}.Release|Any CPU.ActiveCfg = Release|Any CPU
		{84A6D838-49F2-4245-BAA4-E4B7B69D3D0D}.Release|Any CPU.Build.0 = Release|Any CPU
		{EFB3047F-34BD-4A84-86B9-52F96E2D240D}.Debug|Any CPU.ActiveCfg = Debug|Any CPU
		{EFB3047F-34BD-4A84-86B9-52F96E2D240D}.Debug|Any CPU.Build.0 = Debug|Any CPU
		{EFB3047F-34BD-4A84-86B9-52F96E2D240D}.Release|Any CPU.ActiveCfg = Release|Any CPU
		{EFB3047F-34BD-4A84-86B9-52F96E2D240D}.Release|Any CPU.Build.0 = Release|Any CPU
		{8E3ACDDB-5344-4B1A-830C-119B1306596C}.Debug|Any CPU.ActiveCfg = Debug|Any CPU
		{8E3ACDDB-5344-4B1A-830C-119B1306596C}.Debug|Any CPU.Build.0 = Debug|Any CPU
		{8E3ACDDB-5344-4B1A-830C-119B1306596C}.Release|Any CPU.ActiveCfg = Release|Any CPU
		{8E3ACDDB-5344-4B1A-830C-119B1306596C}.Release|Any CPU.Build.0 = Release|Any CPU
	EndGlobalSection
EndGlobal
